
Microsoft Visual Studio Solution File, Format Version 12.00
# Visual Studio Version 17
VisualStudioVersion = 17.6.33723.286
MinimumVisualStudioVersion = 10.0.40219.1
Project("{9A19103F-16F7-4668-BE54-9A1E7A4F7556}") = "Tortillapp-web", "Tortillapp-web\Tortillapp-web.csproj", "{EBC58D17-D4B1-47D4-BEB8-872F0FB7D90F}"
EndProject
Global
	GlobalSection(SolutionConfigurationPlatforms) = preSolution
		Debug|Any CPU = Debug|Any CPU
		Release|Any CPU = Release|Any CPU
	EndGlobalSection
	GlobalSection(ProjectConfigurationPlatforms) = postSolution
		{EBC58D17-D4B1-47D4-BEB8-872F0FB7D90F}.Debug|Any CPU.ActiveCfg = Debug|Any CPU
		{EBC58D17-D4B1-47D4-BEB8-872F0FB7D90F}.Debug|Any CPU.Build.0 = Debug|Any CPU
		{EBC58D17-D4B1-47D4-BEB8-872F0FB7D90F}.Release|Any CPU.ActiveCfg = Release|Any CPU
		{EBC58D17-D4B1-47D4-BEB8-872F0FB7D90F}.Release|Any CPU.Build.0 = Release|Any CPU
	EndGlobalSection
	GlobalSection(SolutionProperties) = preSolution
		HideSolutionNode = FALSE
	EndGlobalSection
	GlobalSection(ExtensibilityGlobals) = postSolution
		SolutionGuid = {EA2DCC05-BFB2-496A-B67F-F58BE2D60BE8}
	EndGlobalSection
EndGlobal
